
Microsoft Visual Studio Solution File, Format Version 11.00
# Visual Studio 2010
Project("{E24C65DC-7377-472B-9ABA-BC803B73C61A}") = "uc", "..\..\WebSites\uc\", "{B0D6A017-B063-4E95-8123-9028894FE26A}"
	ProjectSection(WebsiteProperties) = preProject
		TargetFrameworkMoniker = ".NETFramework,Version%3Dv4.0"
		Debug.AspNetCompiler.VirtualPath = "/uc"
		Debug.AspNetCompiler.PhysicalPath = "..\..\WebSites\uc\"
		Debug.AspNetCompiler.TargetPath = "PrecompiledWeb\uc\"
		Debug.AspNetCompiler.Updateable = "true"
		Debug.AspNetCompiler.ForceOverwrite = "true"
		Debug.AspNetCompiler.FixedNames = "false"
		Debug.AspNetCompiler.Debug = "True"
		Release.AspNetCompiler.VirtualPath = "/uc"
		Release.AspNetCompiler.PhysicalPath = "..\..\WebSites\uc\"
		Release.AspNetCompiler.TargetPath = "PrecompiledWeb\uc\"
		Release.AspNetCompiler.Updateable = "true"
		Release.AspNetCompiler.ForceOverwrite = "true"
		Release.AspNetCompiler.FixedNames = "false"
		Release.AspNetCompiler.Debug = "False"
		VWDPort = "1828"
		DefaultWebSiteLanguage = "Visual C#"
	EndProjectSection
EndProject
Global
	GlobalSection(SolutionConfigurationPlatforms) = preSolution
		Debug|Any CPU = Debug|Any CPU
	EndGlobalSection
	GlobalSection(ProjectConfigurationPlatforms) = postSolution
		{B0D6A017-B063-4E95-8123-9028894FE26A}.Debug|Any CPU.ActiveCfg = Debug|Any CPU
		{B0D6A017-B063-4E95-8123-9028894FE26A}.Debug|Any CPU.Build.0 = Debug|Any CPU
	EndGlobalSection
	GlobalSection(SolutionProperties) = preSolution
		HideSolutionNode = FALSE
	EndGlobalSection
EndGlobal
